
Microsoft Visual Studio Solution File, Format Version 12.00
# Visual Studio Version 16
VisualStudioVersion = 16.0.30011.22
MinimumVisualStudioVersion = 10.0.40219.1
Project("{9A19103F-16F7-4668-BE54-9A1E7A4F7556}") = "Domain", "Domain\Domain.csproj", "{ABC0350C-4AF4-4823-9627-85109A0850DE}"
EndProject
Project("{9A19103F-16F7-4668-BE54-9A1E7A4F7556}") = "EfDataAccess", "EfDataAccess\EfDataAccess.csproj", "{1C75DD20-65D2-498A-B792-5993121CB234}"
EndProject
Project("{9A19103F-16F7-4668-BE54-9A1E7A4F7556}") = "Application", "Application\Application.csproj", "{C8DEC806-7680-4A59-A14A-AC0BF7ED0E7B}"
EndProject
Project("{9A19103F-16F7-4668-BE54-9A1E7A4F7556}") = "Implementation", "Implementation\Implementation.csproj", "{6057389F-65ED-412D-B76A-E15B0909CDAB}"
EndProject
Project("{FAE04EC0-301F-11D3-BF4B-00C04F79EFBC}") = "Api", "Api\Api.csproj", "{3E75859E-62E9-4088-96FA-39900ABA629C}"
EndProject
Global
	GlobalSection(SolutionConfigurationPlatforms) = preSolution
		Debug|Any CPU = Debug|Any CPU
		Release|Any CPU = Release|Any CPU
	EndGlobalSection
	GlobalSection(ProjectConfigurationPlatforms) = postSolution
		{ABC0350C-4AF4-4823-9627-85109A0850DE}.Debug|Any CPU.ActiveCfg = Debug|Any CPU
		{ABC0350C-4AF4-4823-9627-85109A0850DE}.Debug|Any CPU.Build.0 = Debug|Any CPU
		{ABC0350C-4AF4-4823-9627-85109A0850DE}.Release|Any CPU.ActiveCfg = Release|Any CPU
		{ABC0350C-4AF4-4823-9627-85109A0850DE}.Release|Any CPU.Build.0 = Release|Any CPU
		{1C75DD20-65D2-498A-B792-5993121CB234}.Debug|Any CPU.ActiveCfg = Debug|Any CPU
		{1C75DD20-65D2-498A-B792-5993121CB234}.Debug|Any CPU.Build.0 = Debug|Any CPU
		{1C75DD20-65D2-498A-B792-5993121CB234}.Release|Any CPU.ActiveCfg = Release|Any CPU
		{1C75DD20-65D2-498A-B792-5993121CB234}.Release|Any CPU.Build.0 = Release|Any CPU
		{C8DEC806-7680-4A59-A14A-AC0BF7ED0E7B}.Debug|Any CPU.ActiveCfg = Debug|Any CPU
		{C8DEC806-7680-4A59-A14A-AC0BF7ED0E7B}.Debug|Any CPU.Build.0 = Debug|Any CPU
		{C8DEC806-7680-4A59-A14A-AC0BF7ED0E7B}.Release|Any CPU.ActiveCfg = Release|Any CPU
		{C8DEC806-7680-4A59-A14A-AC0BF7ED0E7B}.Release|Any CPU.Build.0 = Release|Any CPU
		{6057389F-65ED-412D-B76A-E15B0909CDAB}.Debug|Any CPU.ActiveCfg = Debug|Any CPU
		{6057389F-65ED-412D-B76A-E15B0909CDAB}.Debug|Any CPU.Build.0 = Debug|Any CPU
		{6057389F-65ED-412D-B76A-E15B0909CDAB}.Release|Any CPU.ActiveCfg = Release|Any CPU
		{6057389F-65ED-412D-B76A-E15B0909CDAB}.Release|Any CPU.Build.0 = Release|Any CPU
		{3E75859E-62E9-4088-96FA-39900ABA629C}.Debug|Any CPU.ActiveCfg = Debug|Any CPU
		{3E75859E-62E9-4088-96FA-39900ABA629C}.Debug|Any CPU.Build.0 = Debug|Any CPU
		{3E75859E-62E9-4088-96FA-39900ABA629C}.Release|Any CPU.ActiveCfg = Release|Any CPU
		{3E75859E-62E9-4088-96FA-39900ABA629C}.Release|Any CPU.Build.0 = Release|Any CPU
	EndGlobalSection
	GlobalSection(SolutionProperties) = preSolution
		HideSolutionNode = FALSE
	EndGlobalSection
	GlobalSection(ExtensibilityGlobals) = postSolution
		SolutionGuid = {F5FF0C64-1B3F-42BC-827A-E71DE0722600}
	EndGlobalSection
EndGlobal
